
Microsoft Visual Studio Solution File, Format Version 12.00
# Visual Studio Version 17
VisualStudioVersion = 17.5.33414.496
MinimumVisualStudioVersion = 10.0.40219.1
Project("{2150E333-8FDC-42A3-9474-1A3956D46DE8}") = "Basics", "Basics", "{2DED064F-BB43-461D-89C2-D565A993554D}"
EndProject
Project("{9A19103F-16F7-4668-BE54-9A1E7A4F7556}") = "CastleProxyDinamic", "CastleProxyDinamic\CastleProxyDinamic.csproj", "{B4F6B011-5696-46D4-BF67-832FFB40DB47}"
EndProject
Project("{9A19103F-16F7-4668-BE54-9A1E7A4F7556}") = "Entities", "Entities\Entities.csproj", "{6A4A855F-F2D4-4185-849F-2D9303D5DF17}"
EndProject
Project("{9A19103F-16F7-4668-BE54-9A1E7A4F7556}") = "InvocationApp", "InvocationApp\InvocationApp.csproj", "{39435522-3BD8-4D7D-8760-3D34B29F8098}"
EndProject
Project("{FAE04EC0-301F-11D3-BF4B-00C04F79EFBC}") = "Core", "Core\Core.csproj", "{C542D2CD-8F05-494D-811C-A66701C65001}"
EndProject
Global
	GlobalSection(SolutionConfigurationPlatforms) = preSolution
		Debug|Any CPU = Debug|Any CPU
		Release|Any CPU = Release|Any CPU
	EndGlobalSection
	GlobalSection(ProjectConfigurationPlatforms) = postSolution
		{B4F6B011-5696-46D4-BF67-832FFB40DB47}.Debug|Any CPU.ActiveCfg = Debug|Any CPU
		{B4F6B011-5696-46D4-BF67-832FFB40DB47}.Debug|Any CPU.Build.0 = Debug|Any CPU
		{B4F6B011-5696-46D4-BF67-832FFB40DB47}.Release|Any CPU.ActiveCfg = Release|Any CPU
		{B4F6B011-5696-46D4-BF67-832FFB40DB47}.Release|Any CPU.Build.0 = Release|Any CPU
		{6A4A855F-F2D4-4185-849F-2D9303D5DF17}.Debug|Any CPU.ActiveCfg = Debug|Any CPU
		{6A4A855F-F2D4-4185-849F-2D9303D5DF17}.Debug|Any CPU.Build.0 = Debug|Any CPU
		{6A4A855F-F2D4-4185-849F-2D9303D5DF17}.Release|Any CPU.ActiveCfg = Release|Any CPU
		{6A4A855F-F2D4-4185-849F-2D9303D5DF17}.Release|Any CPU.Build.0 = Release|Any CPU
		{39435522-3BD8-4D7D-8760-3D34B29F8098}.Debug|Any CPU.ActiveCfg = Debug|Any CPU
		{39435522-3BD8-4D7D-8760-3D34B29F8098}.Debug|Any CPU.Build.0 = Debug|Any CPU
		{39435522-3BD8-4D7D-8760-3D34B29F8098}.Release|Any CPU.ActiveCfg = Release|Any CPU
		{39435522-3BD8-4D7D-8760-3D34B29F8098}.Release|Any CPU.Build.0 = Release|Any CPU
		{C542D2CD-8F05-494D-811C-A66701C65001}.Debug|Any CPU.ActiveCfg = Debug|Any CPU
		{C542D2CD-8F05-494D-811C-A66701C65001}.Debug|Any CPU.Build.0 = Debug|Any CPU
		{C542D2CD-8F05-494D-811C-A66701C65001}.Release|Any CPU.ActiveCfg = Release|Any CPU
		{C542D2CD-8F05-494D-811C-A66701C65001}.Release|Any CPU.Build.0 = Release|Any CPU
	EndGlobalSection
	GlobalSection(SolutionProperties) = preSolution
		HideSolutionNode = FALSE
	EndGlobalSection
	GlobalSection(NestedProjects) = preSolution
		{B4F6B011-5696-46D4-BF67-832FFB40DB47} = {2DED064F-BB43-461D-89C2-D565A993554D}
		{39435522-3BD8-4D7D-8760-3D34B29F8098} = {2DED064F-BB43-461D-89C2-D565A993554D}
	EndGlobalSection
	GlobalSection(ExtensibilityGlobals) = postSolution
		SolutionGuid = {B03E66ED-9F3B-484E-A65B-D9CC22872CF8}
	EndGlobalSection
EndGlobal
